<?xml version="1.0" encoding="utf-8"?>
<Project ToolsVersion="4.0" xmlns="http://schemas.microsoft.com/developer/msbuild/2003">
  <ItemGroup>
    <Filter Include="Source Files">
      <UniqueIdentifier>{4FC737F1-C7A5-4376-A066-2A32D752A2FF}</UniqueIdentifier>
      <Extensions>cpp;c;cc;cxx;def;odl;idl;hpj;bat;asm;asmx</Extensions>
    </Filter>
    <Filter Include="Header Files">
      <UniqueIdentifier>{93995380-89BD-4b04-88EB-625FBE52EBFB}</UniqueIdentifier>
      <Extensions>h;hh;hpp;hxx;hm;inl;inc;ipp;xsd</Extensions>
    </Filter>
    <Filter Include="Resource Files">
      <UniqueIdentifier>{67DA6AB6-F800-4c08-8B7A-83BB121AAD01}</UniqueIdentifier>
      <Extensions>rc;ico;cur;bmp;dlg;rc2;rct;bin;rgs;gif;jpg;jpeg;jpe;resx;tiff;tif;png;wav;mfcribbon-ms</Extensions>
    </Filter>
    <Filter Include="Source Files\Shaders">
      <UniqueIdentifier>{3e20918d-1e61-4d5d-8c88-13eed12d1202}</UniqueIdentifier>
    </Filter>
    <Filter Include="PrecompiledHeader">
      <UniqueIdentifier>{33ca3f32-9a45-478e-b243-19204c0f5393}</UniqueIdentifier>
    </Filter>
    <Filter Include="D3D12Wrappers">
      <UniqueIdentifier>{b75ad727-6ab1-4b97-8dc4-84d912c48966}</UniqueIdentifier>
    </Filter>
    <Filter Include="DataStructures">
      <UniqueIdentifier>{83beee85-1199-4bfe-bcc6-9ec1b20b0a1b}</UniqueIdentifier>
    </Filter>
  </ItemGroup>
  <ItemGroup>
    <ClCompile Include="Main.cpp">
      <Filter>Source Files</Filter>
    </ClCompile>
    <ClCompile Include="stdafx.cpp">
      <Filter>PrecompiledHeader</Filter>
    </ClCompile>
    <ClCompile Include="D3D12Wrappers\HeapAllocator.cpp">
      <Filter>D3D12Wrappers</Filter>
    </ClCompile>
  </ItemGroup>
  <ItemGroup>
    <ClInclude Include="stdafx.h">
      <Filter>PrecompiledHeader</Filter>
    </ClInclude>
    <ClInclude Include="d3dx12.h">
      <Filter>Header Files</Filter>
    </ClInclude>
    <ClInclude Include="common.h">
      <Filter>Header Files</Filter>
    </ClInclude>
    <ClInclude Include="DataStructures\SegmentTree.h">
      <Filter>DataStructures</Filter>
    </ClInclude>
    <ClInclude Include="D3D12Wrappers\HeapAllocator.h">
      <Filter>D3D12Wrappers</Filter>
    </ClInclude>
    <ClInclude Include="intrinsics.h">
      <Filter>Header Files</Filter>
    </ClInclude>
    <ClInclude Include="algo.h">
      <Filter>Header Files</Filter>
    </ClInclude>
    <ClInclude Include="ProjectConfig.h">
      <Filter>Header Files</Filter>
    </ClInclude>
    <ClInclude Include="D3D12Wrappers\DXGIFormatSizes.h">
      <Filter>D3D12Wrappers</Filter>
    </ClInclude>
  </ItemGroup>
  <ItemGroup>
    <None Include="RootSig.hlsli">
      <Filter>Source Files\Shaders</Filter>
    </None>
  </ItemGroup>
  <ItemGroup>
    <FxCompile Include="TextureProcess.hlsl">
      <Filter>Source Files\Shaders</Filter>
    </FxCompile>
  </ItemGroup>
</Project>